
Microsoft Visual Studio Solution File, Format Version 12.00
# Visual Studio Version 17
VisualStudioVersion = 17.0.31912.275
MinimumVisualStudioVersion = 10.0.40219.1
Project("{9A19103F-16F7-4668-BE54-9A1E7A4F7556}") = "BakeryHelper", "BakeryHelper\BakeryHelper.csproj", "{1FAB6C14-E4B5-418C-B8E8-4D6C32CF46E4}"
EndProject
Project("{9A19103F-16F7-4668-BE54-9A1E7A4F7556}") = "BakeryHelper.DataAccess", "BakeryHelper.DataAccess\BakeryHelper.DataAccess.csproj", "{FEF3652A-132F-49E4-98C6-54A028CB6884}"
EndProject
Global
	GlobalSection(SolutionConfigurationPlatforms) = preSolution
		Debug|Any CPU = Debug|Any CPU
		Release|Any CPU = Release|Any CPU
	EndGlobalSection
	GlobalSection(ProjectConfigurationPlatforms) = postSolution
		{1FAB6C14-E4B5-418C-B8E8-4D6C32CF46E4}.Debug|Any CPU.ActiveCfg = Debug|Any CPU
		{1FAB6C14-E4B5-418C-B8E8-4D6C32CF46E4}.Release|Any CPU.ActiveCfg = Release|Any CPU
		{1FAB6C14-E4B5-418C-B8E8-4D6C32CF46E4}.Release|Any CPU.Build.0 = Release|Any CPU
		{FEF3652A-132F-49E4-98C6-54A028CB6884}.Debug|Any CPU.ActiveCfg = Debug|Any CPU
		{FEF3652A-132F-49E4-98C6-54A028CB6884}.Debug|Any CPU.Build.0 = Debug|Any CPU
		{FEF3652A-132F-49E4-98C6-54A028CB6884}.Release|Any CPU.ActiveCfg = Release|Any CPU
		{FEF3652A-132F-49E4-98C6-54A028CB6884}.Release|Any CPU.Build.0 = Release|Any CPU
	EndGlobalSection
	GlobalSection(SolutionProperties) = preSolution
		HideSolutionNode = FALSE
	EndGlobalSection
	GlobalSection(ExtensibilityGlobals) = postSolution
		SolutionGuid = {D808B3EC-4A10-47FE-A535-9AFE428E8AE9}
	EndGlobalSection
EndGlobal
